
Microsoft Visual Studio Solution File, Format Version 12.00
# Visual Studio Version 17
VisualStudioVersion = 17.3.32901.215
MinimumVisualStudioVersion = 10.0.40219.1
Project("{54A90642-561A-4BB1-A94E-469ADEE60C69}") = "Presentationtier.ClientApp", "PresentationTier.ClientApp\Presentationtier.ClientApp.esproj", "{AC1B90BF-0E4B-4F6A-8161-81B8A151B43E}"
EndProject
Global
	GlobalSection(SolutionConfigurationPlatforms) = preSolution
		Debug|Any CPU = Debug|Any CPU
		Release|Any CPU = Release|Any CPU
	EndGlobalSection
	GlobalSection(ProjectConfigurationPlatforms) = postSolution
		{AC1B90BF-0E4B-4F6A-8161-81B8A151B43E}.Debug|Any CPU.ActiveCfg = Debug|Any CPU
		{AC1B90BF-0E4B-4F6A-8161-81B8A151B43E}.Debug|Any CPU.Build.0 = Debug|Any CPU
		{AC1B90BF-0E4B-4F6A-8161-81B8A151B43E}.Debug|Any CPU.Deploy.0 = Debug|Any CPU
		{AC1B90BF-0E4B-4F6A-8161-81B8A151B43E}.Release|Any CPU.ActiveCfg = Release|Any CPU
		{AC1B90BF-0E4B-4F6A-8161-81B8A151B43E}.Release|Any CPU.Build.0 = Release|Any CPU
		{AC1B90BF-0E4B-4F6A-8161-81B8A151B43E}.Release|Any CPU.Deploy.0 = Release|Any CPU
	EndGlobalSection
	GlobalSection(SolutionProperties) = preSolution
		HideSolutionNode = FALSE
	EndGlobalSection
	GlobalSection(ExtensibilityGlobals) = postSolution
		SolutionGuid = {2D2C8604-A2A2-4B46-8D6E-11760DBF5C5B}
	EndGlobalSection
EndGlobal
