
Microsoft Visual Studio Solution File, Format Version 12.00
# Visual Studio Version 17
VisualStudioVersion = 17.3.32901.215
MinimumVisualStudioVersion = 10.0.40219.1
Project("{00D1A9C2-B5F0-4AF3-8072-F6C62B433612}") = "DataTier.Database", "DataTier.Database\DataTier.Database.sqlproj", "{894ADF35-E145-44A8-92FE-518AFF6281CE}"
EndProject
Global
	GlobalSection(SolutionConfigurationPlatforms) = preSolution
		Debug|Any CPU = Debug|Any CPU
		Release|Any CPU = Release|Any CPU
	EndGlobalSection
	GlobalSection(ProjectConfigurationPlatforms) = postSolution
		{894ADF35-E145-44A8-92FE-518AFF6281CE}.Debug|Any CPU.ActiveCfg = Debug|Any CPU
		{894ADF35-E145-44A8-92FE-518AFF6281CE}.Debug|Any CPU.Build.0 = Debug|Any CPU
		{894ADF35-E145-44A8-92FE-518AFF6281CE}.Debug|Any CPU.Deploy.0 = Debug|Any CPU
		{894ADF35-E145-44A8-92FE-518AFF6281CE}.Release|Any CPU.ActiveCfg = Release|Any CPU
		{894ADF35-E145-44A8-92FE-518AFF6281CE}.Release|Any CPU.Build.0 = Release|Any CPU
		{894ADF35-E145-44A8-92FE-518AFF6281CE}.Release|Any CPU.Deploy.0 = Release|Any CPU
	EndGlobalSection
	GlobalSection(SolutionProperties) = preSolution
		HideSolutionNode = FALSE
	EndGlobalSection
	GlobalSection(ExtensibilityGlobals) = postSolution
		SolutionGuid = {C25B294C-4510-48FE-9A0E-56D2C34E2307}
	EndGlobalSection
EndGlobal
