
Microsoft Visual Studio Solution File, Format Version 12.00
# Visual Studio Version 17
VisualStudioVersion = 17.3.32901.215
MinimumVisualStudioVersion = 10.0.40219.1
Project("{FAE04EC0-301F-11D3-BF4B-00C04F79EFBC}") = "ApplicationTier.API", "ApplicationTier.API\ApplicationTier.API.csproj", "{7A581762-F97D-4FCB-8B87-CEB0870EE1BE}"
EndProject
Project("{FAE04EC0-301F-11D3-BF4B-00C04F79EFBC}") = "ApplicationTier.Domain", "ApplicationTier.Domain\ApplicationTier.Domain.csproj", "{0619FFAA-EE26-4D92-A312-165043093082}"
EndProject
Project("{FAE04EC0-301F-11D3-BF4B-00C04F79EFBC}") = "ApplicationTier.Infrastructure", "ApplicationTier.Infrastructure\ApplicationTier.Infrastructure.csproj", "{8D8E7E0D-2096-4FBB-9110-343DBA8E9283}"
EndProject
Project("{FAE04EC0-301F-11D3-BF4B-00C04F79EFBC}") = "ApplicationTier.Service", "ApplicationTier.Service\ApplicationTier.Service.csproj", "{D3733746-A30F-43DB-BCE2-95C09D111AB5}"
EndProject
Global
	GlobalSection(SolutionConfigurationPlatforms) = preSolution
		Debug|Any CPU = Debug|Any CPU
		Release|Any CPU = Release|Any CPU
	EndGlobalSection
	GlobalSection(ProjectConfigurationPlatforms) = postSolution
		{7A581762-F97D-4FCB-8B87-CEB0870EE1BE}.Debug|Any CPU.ActiveCfg = Debug|Any CPU
		{7A581762-F97D-4FCB-8B87-CEB0870EE1BE}.Debug|Any CPU.Build.0 = Debug|Any CPU
		{7A581762-F97D-4FCB-8B87-CEB0870EE1BE}.Release|Any CPU.ActiveCfg = Release|Any CPU
		{7A581762-F97D-4FCB-8B87-CEB0870EE1BE}.Release|Any CPU.Build.0 = Release|Any CPU
		{0619FFAA-EE26-4D92-A312-165043093082}.Debug|Any CPU.ActiveCfg = Debug|Any CPU
		{0619FFAA-EE26-4D92-A312-165043093082}.Debug|Any CPU.Build.0 = Debug|Any CPU
		{0619FFAA-EE26-4D92-A312-165043093082}.Release|Any CPU.ActiveCfg = Release|Any CPU
		{0619FFAA-EE26-4D92-A312-165043093082}.Release|Any CPU.Build.0 = Release|Any CPU
		{8D8E7E0D-2096-4FBB-9110-343DBA8E9283}.Debug|Any CPU.ActiveCfg = Debug|Any CPU
		{8D8E7E0D-2096-4FBB-9110-343DBA8E9283}.Debug|Any CPU.Build.0 = Debug|Any CPU
		{8D8E7E0D-2096-4FBB-9110-343DBA8E9283}.Release|Any CPU.ActiveCfg = Release|Any CPU
		{8D8E7E0D-2096-4FBB-9110-343DBA8E9283}.Release|Any CPU.Build.0 = Release|Any CPU
		{D3733746-A30F-43DB-BCE2-95C09D111AB5}.Debug|Any CPU.ActiveCfg = Debug|Any CPU
		{D3733746-A30F-43DB-BCE2-95C09D111AB5}.Debug|Any CPU.Build.0 = Debug|Any CPU
		{D3733746-A30F-43DB-BCE2-95C09D111AB5}.Release|Any CPU.ActiveCfg = Release|Any CPU
		{D3733746-A30F-43DB-BCE2-95C09D111AB5}.Release|Any CPU.Build.0 = Release|Any CPU
	EndGlobalSection
	GlobalSection(SolutionProperties) = preSolution
		HideSolutionNode = FALSE
	EndGlobalSection
	GlobalSection(ExtensibilityGlobals) = postSolution
		SolutionGuid = {E3A271E6-25F8-4EDC-92D8-C99DC638CEFF}
	EndGlobalSection
EndGlobal
